<?xml version="1.0" encoding="utf-8"?>
<Project ToolsVersion="4.0" xmlns="http://schemas.microsoft.com/developer/msbuild/2003">
  <ItemGroup>
    <Filter Include="Source Files">
      <UniqueIdentifier>{4FC737F1-C7A5-4376-A066-2A32D752A2FF}</UniqueIdentifier>
      <Extensions>cpp;c;cc;cxx;c++;cppm;ixx;def;odl;idl;hpj;bat;asm;asmx</Extensions>
    </Filter>
    <Filter Include="Resources">
      <UniqueIdentifier>{3484dcd9-a27d-43ea-a108-28f3d203161d}</UniqueIdentifier>
    </Filter>
    <Filter Include="Shaders">
      <UniqueIdentifier>{916aed96-10c8-4995-975b-390fa89241d2}</UniqueIdentifier>
    </Filter>
    <Filter Include="PCH">
      <UniqueIdentifier>{adc8683f-4472-466a-b4c1-ef7fd74b4815}</UniqueIdentifier>
    </Filter>
    <Filter Include="Source Files\Managers">
      <UniqueIdentifier>{776cf95e-a2a7-47ca-8167-89810d8d7de0}</UniqueIdentifier>
    </Filter>
    <Filter Include="Source Files\Scenes">
      <UniqueIdentifier>{248ac27b-15cc-41ef-a5c3-feee2a161c19}</UniqueIdentifier>
    </Filter>
    <Filter Include="Source Files\Data">
      <UniqueIdentifier>{14333052-1d5b-42c5-8cdc-bcf54c8817b5}</UniqueIdentifier>
    </Filter>
    <Filter Include="Shaders\Compute">
      <UniqueIdentifier>{d1052843-e65d-4379-ab2f-027cb129293e}</UniqueIdentifier>
    </Filter>
    <Filter Include="Source Files\CPU Objects">
      <UniqueIdentifier>{64c631fe-9a78-4a37-9fc3-1f20126da675}</UniqueIdentifier>
    </Filter>
    <Filter Include="Includes">
      <UniqueIdentifier>{ee14a276-495f-4926-9fff-33fed8a99f0c}</UniqueIdentifier>
    </Filter>
    <Filter Include="Includes\SimdJSON">
      <UniqueIdentifier>{71b21890-db76-45bf-ab67-42c64e61ee52}</UniqueIdentifier>
    </Filter>
    <Filter Include="Includes\FastGLTF">
      <UniqueIdentifier>{abfc9eaa-1d68-4f14-af40-66f42d15378c}</UniqueIdentifier>
    </Filter>
    <Filter Include="Includes\ImGUI">
      <UniqueIdentifier>{2f362c05-6377-42e2-9df3-5dc82ae027c3}</UniqueIdentifier>
    </Filter>
    <Filter Include="Includes\spng">
      <UniqueIdentifier>{82251d63-d4df-4fa5-82d2-1cf816eadd6c}</UniqueIdentifier>
    </Filter>
    <Filter Include="Includes\zlib">
      <UniqueIdentifier>{2f20234d-0b85-4125-b590-e2c3fea6ee77}</UniqueIdentifier>
    </Filter>
    <Filter Include="Source Files\Managers\Asset Managers">
      <UniqueIdentifier>{09f2ffed-b1ed-49da-9cb4-6881fcb14709}</UniqueIdentifier>
    </Filter>
    <Filter Include="Source Files\Managers\System Managers">
      <UniqueIdentifier>{1c79e66a-71e8-4cc5-b5a9-724c93f79358}</UniqueIdentifier>
    </Filter>
    <Filter Include="Source Files\Managers\DX12 Managers">
      <UniqueIdentifier>{7fd80402-164b-42bf-8c61-7b9fa94f0f53}</UniqueIdentifier>
    </Filter>
    <Filter Include="Source Files\GPU Objects">
      <UniqueIdentifier>{85c34872-b23d-4cf6-a1a7-164c85448086}</UniqueIdentifier>
    </Filter>
  </ItemGroup>
  <ItemGroup>
    <ClCompile Include="Includes\imgui-master\imgui.cpp">
      <Filter>Includes\ImGUI</Filter>
    </ClCompile>
    <ClCompile Include="Includes\imgui-master\imgui_demo.cpp">
      <Filter>Includes\ImGUI</Filter>
    </ClCompile>
    <ClCompile Include="Includes\imgui-master\imgui_draw.cpp">
      <Filter>Includes\ImGUI</Filter>
    </ClCompile>
    <ClCompile Include="Includes\imgui-master\imgui_tables.cpp">
      <Filter>Includes\ImGUI</Filter>
    </ClCompile>
    <ClCompile Include="Includes\imgui-master\imgui_widgets.cpp">
      <Filter>Includes\ImGUI</Filter>
    </ClCompile>
    <ClCompile Include="Includes\imgui-master\backends\imgui_impl_dx12.cpp">
      <Filter>Includes\ImGUI</Filter>
    </ClCompile>
    <ClCompile Include="Includes\imgui-master\backends\imgui_impl_win32.cpp">
      <Filter>Includes\ImGUI</Filter>
    </ClCompile>
    <ClCompile Include="Includes\fastgltf\src\base64.cpp">
      <Filter>Includes\FastGLTF</Filter>
    </ClCompile>
    <ClCompile Include="Includes\fastgltf\src\fastgltf.cpp">
      <Filter>Includes\FastGLTF</Filter>
    </ClCompile>
    <ClCompile Include="Includes\fastgltf\src\fastgltf.ixx">
      <Filter>Includes\FastGLTF</Filter>
    </ClCompile>
    <ClCompile Include="Includes\fastgltf\src\io.cpp">
      <Filter>Includes\FastGLTF</Filter>
    </ClCompile>
    <ClCompile Include="Includes\SimdJSON\simdjson.cpp">
      <Filter>Includes\SimdJSON</Filter>
    </ClCompile>
    <ClCompile Include="Includes\spng\spng.c">
      <Filter>Includes\spng</Filter>
    </ClCompile>
    <ClCompile Include="Includes\zlib\crc32.c">
      <Filter>Includes\zlib</Filter>
    </ClCompile>
    <ClCompile Include="Includes\zlib\deflate.c">
      <Filter>Includes\zlib</Filter>
    </ClCompile>
    <ClCompile Include="Includes\zlib\infback.c">
      <Filter>Includes\zlib</Filter>
    </ClCompile>
    <ClCompile Include="Includes\zlib\inffast.c">
      <Filter>Includes\zlib</Filter>
    </ClCompile>
    <ClCompile Include="Includes\zlib\inflate.c">
      <Filter>Includes\zlib</Filter>
    </ClCompile>
    <ClCompile Include="Includes\zlib\zutil.c">
      <Filter>Includes\zlib</Filter>
    </ClCompile>
    <ClCompile Include="Includes\zlib\inftrees.c">
      <Filter>Includes\zlib</Filter>
    </ClCompile>
    <ClCompile Include="Includes\zlib\compress.c">
      <Filter>Includes\zlib</Filter>
    </ClCompile>
    <ClCompile Include="Includes\zlib\adler32.c">
      <Filter>Includes\zlib</Filter>
    </ClCompile>
    <ClCompile Include="Includes\zlib\trees.c">
      <Filter>Includes\zlib</Filter>
    </ClCompile>
    <ClCompile Include="src\GPU Objects\Batch.cpp">
      <Filter>Source Files\GPU Objects</Filter>
    </ClCompile>
    <ClCompile Include="src\GPU Objects\CommandQueue.cpp">
      <Filter>Source Files\GPU Objects</Filter>
    </ClCompile>
    <ClCompile Include="src\GPU Objects\DebugLine.cpp">
      <Filter>Source Files\GPU Objects</Filter>
    </ClCompile>
    <ClCompile Include="src\GPU Objects\GameObject.cpp">
      <Filter>Source Files\GPU Objects</Filter>
    </ClCompile>
    <ClCompile Include="src\GPU Objects\Material.cpp">
      <Filter>Source Files\GPU Objects</Filter>
    </ClCompile>
    <ClCompile Include="src\GPU Objects\Model.cpp">
      <Filter>Source Files\GPU Objects</Filter>
    </ClCompile>
    <ClCompile Include="src\GPU Objects\RootSig.cpp">
      <Filter>Source Files\GPU Objects</Filter>
    </ClCompile>
    <ClCompile Include="src\GPU Objects\Shader.cpp">
      <Filter>Source Files\GPU Objects</Filter>
    </ClCompile>
    <ClCompile Include="src\GPU Objects\Texture.cpp">
      <Filter>Source Files\GPU Objects</Filter>
    </ClCompile>
    <ClCompile Include="src\CPU Objects\Camera.cpp">
      <Filter>Source Files\CPU Objects</Filter>
    </ClCompile>
    <ClCompile Include="src\CPU Objects\Frustum.cpp">
      <Filter>Source Files\CPU Objects</Filter>
    </ClCompile>
    <ClCompile Include="src\CPU Objects\HighResolutionClock.cpp">
      <Filter>Source Files\CPU Objects</Filter>
    </ClCompile>
    <ClCompile Include="src\CPU Objects\Window.cpp">
      <Filter>Source Files\CPU Objects</Filter>
    </ClCompile>
    <ClCompile Include="src\Utils.cpp">
      <Filter>Source Files\Data</Filter>
    </ClCompile>
    <ClCompile Include="src\pch.cpp">
      <Filter>PCH</Filter>
    </ClCompile>
    <ClCompile Include="src\Managers\AssetFactory.cpp">
      <Filter>Source Files\Managers\Asset Managers</Filter>
    </ClCompile>
    <ClCompile Include="src\Managers\ModelLoaderObj.cpp">
      <Filter>Source Files\Managers\Asset Managers</Filter>
    </ClCompile>
    <ClCompile Include="src\Managers\ResourceTracker.cpp">
      <Filter>Source Files\Managers\Asset Managers</Filter>
    </ClCompile>
    <ClCompile Include="src\Managers\ShadowManager.cpp">
      <Filter>Source Files\Managers\Asset Managers</Filter>
    </ClCompile>
    <ClCompile Include="src\Managers\TextureLoader.cpp">
      <Filter>Source Files\Managers\Asset Managers</Filter>
    </ClCompile>
    <ClCompile Include="src\Managers\WindowManager.cpp">
      <Filter>Source Files\Managers\Asset Managers</Filter>
    </ClCompile>
    <ClCompile Include="src\Managers\D3DClass.cpp">
      <Filter>Source Files\Managers\DX12 Managers</Filter>
    </ClCompile>
    <ClCompile Include="src\Managers\DescriptorManager.cpp">
      <Filter>Source Files\Managers\DX12 Managers</Filter>
    </ClCompile>
    <ClCompile Include="src\Managers\ResourceManager.cpp">
      <Filter>Source Files\Managers\DX12 Managers</Filter>
    </ClCompile>
    <ClCompile Include="src\Managers\AlkaliGUIManager.cpp">
      <Filter>Source Files\Managers\System Managers</Filter>
    </ClCompile>
    <ClCompile Include="src\Managers\Application.cpp">
      <Filter>Source Files\Managers\System Managers</Filter>
    </ClCompile>
    <ClCompile Include="src\Managers\ImGUIManager.cpp">
      <Filter>Source Files\Managers\System Managers</Filter>
    </ClCompile>
    <ClCompile Include="src\Managers\InputManager.cpp">
      <Filter>Source Files\Managers\System Managers</Filter>
    </ClCompile>
    <ClCompile Include="src\Managers\SettingsManager.cpp">
      <Filter>Source Files\Managers\System Managers</Filter>
    </ClCompile>
    <ClCompile Include="src\Scenes\Scene.cpp">
      <Filter>Source Files\Scenes</Filter>
    </ClCompile>
    <ClCompile Include="src\Scenes\SceneBistro.cpp">
      <Filter>Source Files\Scenes</Filter>
    </ClCompile>
    <ClCompile Include="src\Scenes\SceneTest.cpp">
      <Filter>Source Files\Scenes</Filter>
    </ClCompile>
    <ClCompile Include="src\Main.cpp">
      <Filter>Source Files</Filter>
    </ClCompile>
    <ClCompile Include="src\Scenes\SceneChess.cpp">
      <Filter>Source Files\Scenes</Filter>
    </ClCompile>
    <ClCompile Include="src\Managers\ModelLoaderGLTF.cpp">
      <Filter>Source Files\Managers\Asset Managers</Filter>
    </ClCompile>
    <ClCompile Include="src\Scenes\SceneTrueEmpty.cpp">
      <Filter>Source Files\Scenes</Filter>
    </ClCompile>
    <ClCompile Include="src\Managers\LoadManager.cpp">
      <Filter>Source Files\Managers\Asset Managers</Filter>
    </ClCompile>
    <ClCompile Include="src\Scenes\SceneCube.cpp">
      <Filter>Source Files\Scenes</Filter>
    </ClCompile>
  </ItemGroup>
  <ItemGroup>
    <ClInclude Include="Assets\Resources\resource.h">
      <Filter>Resources</Filter>
    </ClInclude>
    <ClInclude Include="Includes\fastgltf\include\fastgltf\base64.hpp">
      <Filter>Includes\FastGLTF</Filter>
    </ClInclude>
    <ClInclude Include="Includes\fastgltf\include\fastgltf\core.hpp">
      <Filter>Includes\FastGLTF</Filter>
    </ClInclude>
    <ClInclude Include="Includes\fastgltf\include\fastgltf\glm_element_traits.hpp">
      <Filter>Includes\FastGLTF</Filter>
    </ClInclude>
    <ClInclude Include="Includes\fastgltf\include\fastgltf\math.hpp">
      <Filter>Includes\FastGLTF</Filter>
    </ClInclude>
    <ClInclude Include="Includes\fastgltf\include\fastgltf\tools.hpp">
      <Filter>Includes\FastGLTF</Filter>
    </ClInclude>
    <ClInclude Include="Includes\fastgltf\include\fastgltf\types.hpp">
      <Filter>Includes\FastGLTF</Filter>
    </ClInclude>
    <ClInclude Include="Includes\fastgltf\include\fastgltf\util.hpp">
      <Filter>Includes\FastGLTF</Filter>
    </ClInclude>
    <ClInclude Include="Includes\SimdJSON\simdjson.h">
      <Filter>Includes\SimdJSON</Filter>
    </ClInclude>
    <ClInclude Include="Includes\spng\spng.h">
      <Filter>Includes\spng</Filter>
    </ClInclude>
    <ClInclude Include="Includes\zlib\zconf.h">
      <Filter>Includes\zlib</Filter>
    </ClInclude>
    <ClInclude Include="Includes\zlib\zlib.h">
      <Filter>Includes\zlib</Filter>
    </ClInclude>
    <ClInclude Include="Includes\zlib\crc32.h">
      <Filter>Includes\zlib</Filter>
    </ClInclude>
    <ClInclude Include="Includes\zlib\deflate.h">
      <Filter>Includes\zlib</Filter>
    </ClInclude>
    <ClInclude Include="Includes\zlib\inffast.h">
      <Filter>Includes\zlib</Filter>
    </ClInclude>
    <ClInclude Include="Includes\zlib\inffixed.h">
      <Filter>Includes\zlib</Filter>
    </ClInclude>
    <ClInclude Include="Includes\zlib\inflate.h">
      <Filter>Includes\zlib</Filter>
    </ClInclude>
    <ClInclude Include="Includes\zlib\zutil.h">
      <Filter>Includes\zlib</Filter>
    </ClInclude>
    <ClInclude Include="Includes\zlib\inftrees.h">
      <Filter>Includes\zlib</Filter>
    </ClInclude>
    <ClInclude Include="Includes\zlib\gzguts.h">
      <Filter>Includes\zlib</Filter>
    </ClInclude>
    <ClInclude Include="Includes\zlib\trees.h">
      <Filter>Includes\zlib</Filter>
    </ClInclude>
    <ClInclude Include="src\GPU Objects\Batch.h">
      <Filter>Source Files\GPU Objects</Filter>
    </ClInclude>
    <ClInclude Include="src\GPU Objects\CommandQueue.h">
      <Filter>Source Files\GPU Objects</Filter>
    </ClInclude>
    <ClInclude Include="src\GPU Objects\DebugLine.h">
      <Filter>Source Files\GPU Objects</Filter>
    </ClInclude>
    <ClInclude Include="src\GPU Objects\GameObject.h">
      <Filter>Source Files\GPU Objects</Filter>
    </ClInclude>
    <ClInclude Include="src\GPU Objects\Material.h">
      <Filter>Source Files\GPU Objects</Filter>
    </ClInclude>
    <ClInclude Include="src\GPU Objects\Model.h">
      <Filter>Source Files\GPU Objects</Filter>
    </ClInclude>
    <ClInclude Include="src\GPU Objects\RootSig.h">
      <Filter>Source Files\GPU Objects</Filter>
    </ClInclude>
    <ClInclude Include="src\GPU Objects\Shader.h">
      <Filter>Source Files\GPU Objects</Filter>
    </ClInclude>
    <ClInclude Include="src\GPU Objects\Texture.h">
      <Filter>Source Files\GPU Objects</Filter>
    </ClInclude>
    <ClInclude Include="src\CPU Objects\Camera.h">
      <Filter>Source Files\CPU Objects</Filter>
    </ClInclude>
    <ClInclude Include="src\CPU Objects\Frustum.h">
      <Filter>Source Files\CPU Objects</Filter>
    </ClInclude>
    <ClInclude Include="src\CPU Objects\HighResolutionClock.h">
      <Filter>Source Files\CPU Objects</Filter>
    </ClInclude>
    <ClInclude Include="src\CPU Objects\Window.h">
      <Filter>Source Files\CPU Objects</Filter>
    </ClInclude>
    <ClInclude Include="src\CBuffers.h">
      <Filter>Source Files\Data</Filter>
    </ClInclude>
    <ClInclude Include="src\Constants.h">
      <Filter>Source Files\Data</Filter>
    </ClInclude>
    <ClInclude Include="src\Events.h">
      <Filter>Source Files\Data</Filter>
    </ClInclude>
    <ClInclude Include="src\Keycodes.h">
      <Filter>Source Files\Data</Filter>
    </ClInclude>
    <ClInclude Include="src\Utils.h">
      <Filter>Source Files\Data</Filter>
    </ClInclude>
    <ClInclude Include="src\d3dx12.h">
      <Filter>PCH</Filter>
    </ClInclude>
    <ClInclude Include="src\Helpers.h">
      <Filter>PCH</Filter>
    </ClInclude>
    <ClInclude Include="src\pch.h">
      <Filter>PCH</Filter>
    </ClInclude>
    <ClInclude Include="src\Managers\AssetFactory.h">
      <Filter>Source Files\Managers\Asset Managers</Filter>
    </ClInclude>
    <ClInclude Include="src\Managers\ModelLoaderObj.h">
      <Filter>Source Files\Managers\Asset Managers</Filter>
    </ClInclude>
    <ClInclude Include="src\Managers\ResourceTracker.h">
      <Filter>Source Files\Managers\Asset Managers</Filter>
    </ClInclude>
    <ClInclude Include="src\Managers\ShadowManager.h">
      <Filter>Source Files\Managers\Asset Managers</Filter>
    </ClInclude>
    <ClInclude Include="src\Managers\TextureLoader.h">
      <Filter>Source Files\Managers\Asset Managers</Filter>
    </ClInclude>
    <ClInclude Include="src\Managers\WindowManager.h">
      <Filter>Source Files\Managers\Asset Managers</Filter>
    </ClInclude>
    <ClInclude Include="src\Managers\D3DClass.h">
      <Filter>Source Files\Managers\DX12 Managers</Filter>
    </ClInclude>
    <ClInclude Include="src\Managers\DescriptorManager.h">
      <Filter>Source Files\Managers\DX12 Managers</Filter>
    </ClInclude>
    <ClInclude Include="src\Managers\ResourceManager.h">
      <Filter>Source Files\Managers\DX12 Managers</Filter>
    </ClInclude>
    <ClInclude Include="src\Managers\AlkaliGUIManager.h">
      <Filter>Source Files\Managers\System Managers</Filter>
    </ClInclude>
    <ClInclude Include="src\Managers\Application.h">
      <Filter>Source Files\Managers\System Managers</Filter>
    </ClInclude>
    <ClInclude Include="src\Managers\ImGUIManager.h">
      <Filter>Source Files\Managers\System Managers</Filter>
    </ClInclude>
    <ClInclude Include="src\Managers\InputManager.h">
      <Filter>Source Files\Managers\System Managers</Filter>
    </ClInclude>
    <ClInclude Include="src\Managers\SettingsManager.h">
      <Filter>Source Files\Managers\System Managers</Filter>
    </ClInclude>
    <ClInclude Include="src\Scenes\Scene.h">
      <Filter>Source Files\Scenes</Filter>
    </ClInclude>
    <ClInclude Include="src\Scenes\SceneBistro.h">
      <Filter>Source Files\Scenes</Filter>
    </ClInclude>
    <ClInclude Include="src\Scenes\SceneTest.h">
      <Filter>Source Files\Scenes</Filter>
    </ClInclude>
    <ClInclude Include="src\Scenes\SceneChess.h">
      <Filter>Source Files\Scenes</Filter>
    </ClInclude>
    <ClInclude Include="src\Managers\ModelLoaderGLTF.h">
      <Filter>Source Files\Managers\Asset Managers</Filter>
    </ClInclude>
    <ClInclude Include="src\Scenes\SceneTrueEmpty.h">
      <Filter>Source Files\Scenes</Filter>
    </ClInclude>
    <ClInclude Include="src\Managers\LoadManager.h">
      <Filter>Source Files\Managers\Asset Managers</Filter>
    </ClInclude>
    <ClInclude Include="src\Scenes\SceneCube.h">
      <Filter>Source Files\Scenes</Filter>
    </ClInclude>
  </ItemGroup>
  <ItemGroup>
    <ResourceCompile Include="Assets\Resources\Alkali Engine.rc">
      <Filter>Resources</Filter>
    </ResourceCompile>
  </ItemGroup>
  <ItemGroup>
    <Image Include="Assets\Resources\AlkaliIcon4.ico">
      <Filter>Resources</Filter>
    </Image>
    <Image Include="Assets\Resources\icon1.ico">
      <Filter>Resources</Filter>
    </Image>
  </ItemGroup>
  <ItemGroup>
    <None Include="Assets\Shaders\PBR.ps">
      <Filter>Shaders</Filter>
    </None>
    <None Include="Assets\Shaders\PBR.vs">
      <Filter>Shaders</Filter>
    </None>
    <None Include="Assets\Shaders\GlassPBR.ps">
      <Filter>Shaders</Filter>
    </None>
    <None Include="Assets\Shaders\GlassPBR.vs">
      <Filter>Shaders</Filter>
    </None>
  </ItemGroup>
  <ItemGroup>
    <FxCompile Include="Assets\Shaders\CreateMipMaps.hlsl">
      <Filter>Shaders\Compute</Filter>
    </FxCompile>
    <FxCompile Include="Assets\Shaders\CreateMipMapsDebug.hlsl">
      <Filter>Shaders\Compute</Filter>
    </FxCompile>
    <FxCompile Include="Assets\Shaders\Line_PS.hlsl">
      <Filter>Shaders</Filter>
    </FxCompile>
    <FxCompile Include="Assets\Shaders\Line_VS.hlsl">
      <Filter>Shaders</Filter>
    </FxCompile>
    <FxCompile Include="Assets\Shaders\DepthBuffer_PS.hlsl">
      <Filter>Shaders</Filter>
    </FxCompile>
    <FxCompile Include="Assets\Shaders\DepthBuffer_VS.hlsl">
      <Filter>Shaders</Filter>
    </FxCompile>
    <FxCompile Include="Assets\Shaders\Skybox_PS.hlsl">
      <Filter>Shaders</Filter>
    </FxCompile>
    <FxCompile Include="Assets\Shaders\Skybox_VS.hlsl">
      <Filter>Shaders</Filter>
    </FxCompile>
    <FxCompile Include="Assets\Shaders\CreateMipMapsCubemap.hlsl">
      <Filter>Shaders\Compute</Filter>
    </FxCompile>
    <FxCompile Include="Assets\Shaders\Shrimple_PS.hlsl">
      <Filter>Shaders</Filter>
    </FxCompile>
    <FxCompile Include="Assets\Shaders\Shrimple_VS.hlsl">
      <Filter>Shaders</Filter>
    </FxCompile>
    <FxCompile Include="Assets\Shaders\Depth_VS.hlsl">
      <Filter>Shaders</Filter>
    </FxCompile>
    <FxCompile Include="Assets\Shaders\IrradianceMap.hlsl">
      <Filter>Shaders\Compute</Filter>
    </FxCompile>
  </ItemGroup>
</Project>